
Microsoft Visual Studio Solution File, Format Version 12.00
# Visual Studio Version 17
VisualStudioVersion = 17.2.32519.379
MinimumVisualStudioVersion = 10.0.40219.1
Project("{FAE04EC0-301F-11D3-BF4B-00C04F79EFBC}") = "AuthProject", "AuthProject\AuthProject.csproj", "{121A7352-D9CB-4E8B-A785-9D86C1925986}"
EndProject
Project("{FAE04EC0-301F-11D3-BF4B-00C04F79EFBC}") = "EFCoreProject", "EFCoreProject\EFCoreProject.csproj", "{AEDC72E7-7866-487E-AF19-DEDE277F6A13}"
EndProject
Project("{2150E333-8FDC-42A3-9474-1A3956D46DE8}") = "Src", "Src", "{D1FC5824-2D3F-48B4-9664-C782FE836E35}"
EndProject
Project("{2150E333-8FDC-42A3-9474-1A3956D46DE8}") = "Task1", "Task1", "{FEA5EA98-1EC0-4632-B9A4-812240E5FB4A}"
EndProject
Project("{2150E333-8FDC-42A3-9474-1A3956D46DE8}") = "Task2", "Task2", "{E8A7A55C-32DF-4769-8F0E-2BB7CDA8FD11}"
EndProject
Project("{2150E333-8FDC-42A3-9474-1A3956D46DE8}") = "Task3", "Task3", "{EA948B71-1AFE-491F-B31B-7A70B6F3D112}"
EndProject
Project("{2150E333-8FDC-42A3-9474-1A3956D46DE8}") = "CQRS", "CQRS", "{5B15A31F-6535-47A8-99B7-EA33BD21E864}"
EndProject
Project("{FAE04EC0-301F-11D3-BF4B-00C04F79EFBC}") = "CQRS.Domain", "CQRS.Domain\CQRS.Domain.csproj", "{FC5B768E-6D58-4571-9AD0-92B9B5716E2D}"
EndProject
Project("{FAE04EC0-301F-11D3-BF4B-00C04F79EFBC}") = "CQRS.Application", "CQRS.Application\CQRS.Application.csproj", "{C298641E-87ED-4A99-85D9-0DDD872FEB8F}"
EndProject
Project("{FAE04EC0-301F-11D3-BF4B-00C04F79EFBC}") = "CQRS.Infrastructure", "CQRS.Infratracture\CQRS.Infrastructure.csproj", "{F852524F-1B5C-4C94-B007-75D0AF57B355}"
EndProject
Project("{FAE04EC0-301F-11D3-BF4B-00C04F79EFBC}") = "CQRS.Interface", "CQRS.Interface\CQRS.Interface.csproj", "{DF5C9AB2-0126-4464-9FD8-21299D53C3CA}"
EndProject
Global
	GlobalSection(SolutionConfigurationPlatforms) = preSolution
		Debug|Any CPU = Debug|Any CPU
		Release|Any CPU = Release|Any CPU
	EndGlobalSection
	GlobalSection(ProjectConfigurationPlatforms) = postSolution
		{121A7352-D9CB-4E8B-A785-9D86C1925986}.Debug|Any CPU.ActiveCfg = Debug|Any CPU
		{121A7352-D9CB-4E8B-A785-9D86C1925986}.Debug|Any CPU.Build.0 = Debug|Any CPU
		{121A7352-D9CB-4E8B-A785-9D86C1925986}.Release|Any CPU.ActiveCfg = Release|Any CPU
		{121A7352-D9CB-4E8B-A785-9D86C1925986}.Release|Any CPU.Build.0 = Release|Any CPU
		{AEDC72E7-7866-487E-AF19-DEDE277F6A13}.Debug|Any CPU.ActiveCfg = Debug|Any CPU
		{AEDC72E7-7866-487E-AF19-DEDE277F6A13}.Debug|Any CPU.Build.0 = Debug|Any CPU
		{AEDC72E7-7866-487E-AF19-DEDE277F6A13}.Release|Any CPU.ActiveCfg = Release|Any CPU
		{AEDC72E7-7866-487E-AF19-DEDE277F6A13}.Release|Any CPU.Build.0 = Release|Any CPU
		{FC5B768E-6D58-4571-9AD0-92B9B5716E2D}.Debug|Any CPU.ActiveCfg = Debug|Any CPU
		{FC5B768E-6D58-4571-9AD0-92B9B5716E2D}.Debug|Any CPU.Build.0 = Debug|Any CPU
		{FC5B768E-6D58-4571-9AD0-92B9B5716E2D}.Release|Any CPU.ActiveCfg = Release|Any CPU
		{FC5B768E-6D58-4571-9AD0-92B9B5716E2D}.Release|Any CPU.Build.0 = Release|Any CPU
		{C298641E-87ED-4A99-85D9-0DDD872FEB8F}.Debug|Any CPU.ActiveCfg = Debug|Any CPU
		{C298641E-87ED-4A99-85D9-0DDD872FEB8F}.Debug|Any CPU.Build.0 = Debug|Any CPU
		{C298641E-87ED-4A99-85D9-0DDD872FEB8F}.Release|Any CPU.ActiveCfg = Release|Any CPU
		{C298641E-87ED-4A99-85D9-0DDD872FEB8F}.Release|Any CPU.Build.0 = Release|Any CPU
		{F852524F-1B5C-4C94-B007-75D0AF57B355}.Debug|Any CPU.ActiveCfg = Debug|Any CPU
		{F852524F-1B5C-4C94-B007-75D0AF57B355}.Debug|Any CPU.Build.0 = Debug|Any CPU
		{F852524F-1B5C-4C94-B007-75D0AF57B355}.Release|Any CPU.ActiveCfg = Release|Any CPU
		{F852524F-1B5C-4C94-B007-75D0AF57B355}.Release|Any CPU.Build.0 = Release|Any CPU
		{DF5C9AB2-0126-4464-9FD8-21299D53C3CA}.Debug|Any CPU.ActiveCfg = Debug|Any CPU
		{DF5C9AB2-0126-4464-9FD8-21299D53C3CA}.Debug|Any CPU.Build.0 = Debug|Any CPU
		{DF5C9AB2-0126-4464-9FD8-21299D53C3CA}.Release|Any CPU.ActiveCfg = Release|Any CPU
		{DF5C9AB2-0126-4464-9FD8-21299D53C3CA}.Release|Any CPU.Build.0 = Release|Any CPU
	EndGlobalSection
	GlobalSection(SolutionProperties) = preSolution
		HideSolutionNode = FALSE
	EndGlobalSection
	GlobalSection(NestedProjects) = preSolution
		{121A7352-D9CB-4E8B-A785-9D86C1925986} = {FEA5EA98-1EC0-4632-B9A4-812240E5FB4A}
		{AEDC72E7-7866-487E-AF19-DEDE277F6A13} = {E8A7A55C-32DF-4769-8F0E-2BB7CDA8FD11}
		{FEA5EA98-1EC0-4632-B9A4-812240E5FB4A} = {D1FC5824-2D3F-48B4-9664-C782FE836E35}
		{E8A7A55C-32DF-4769-8F0E-2BB7CDA8FD11} = {D1FC5824-2D3F-48B4-9664-C782FE836E35}
		{EA948B71-1AFE-491F-B31B-7A70B6F3D112} = {D1FC5824-2D3F-48B4-9664-C782FE836E35}
		{5B15A31F-6535-47A8-99B7-EA33BD21E864} = {EA948B71-1AFE-491F-B31B-7A70B6F3D112}
		{FC5B768E-6D58-4571-9AD0-92B9B5716E2D} = {5B15A31F-6535-47A8-99B7-EA33BD21E864}
		{C298641E-87ED-4A99-85D9-0DDD872FEB8F} = {5B15A31F-6535-47A8-99B7-EA33BD21E864}
		{F852524F-1B5C-4C94-B007-75D0AF57B355} = {5B15A31F-6535-47A8-99B7-EA33BD21E864}
		{DF5C9AB2-0126-4464-9FD8-21299D53C3CA} = {5B15A31F-6535-47A8-99B7-EA33BD21E864}
	EndGlobalSection
	GlobalSection(ExtensibilityGlobals) = postSolution
		SolutionGuid = {E18ED9ED-9B8B-4190-B38A-5FF2A244D12D}
	EndGlobalSection
EndGlobal
