
Microsoft Visual Studio Solution File, Format Version 12.00
# Visual Studio Version 17
VisualStudioVersion = 17.2.32519.379
MinimumVisualStudioVersion = 10.0.40219.1
Project("{FAE04EC0-301F-11D3-BF4B-00C04F79EFBC}") = "AuthProject", "AuthProject\AuthProject.csproj", "{121A7352-D9CB-4E8B-A785-9D86C1925986}"
EndProject
Project("{FAE04EC0-301F-11D3-BF4B-00C04F79EFBC}") = "EFCoreProject", "EFCoreProject\EFCoreProject.csproj", "{AEDC72E7-7866-487E-AF19-DEDE277F6A13}"
EndProject
Global
	GlobalSection(SolutionConfigurationPlatforms) = preSolution
		Debug|Any CPU = Debug|Any CPU
		Release|Any CPU = Release|Any CPU
	EndGlobalSection
	GlobalSection(ProjectConfigurationPlatforms) = postSolution
		{121A7352-D9CB-4E8B-A785-9D86C1925986}.Debug|Any CPU.ActiveCfg = Debug|Any CPU
		{121A7352-D9CB-4E8B-A785-9D86C1925986}.Debug|Any CPU.Build.0 = Debug|Any CPU
		{121A7352-D9CB-4E8B-A785-9D86C1925986}.Release|Any CPU.ActiveCfg = Release|Any CPU
		{121A7352-D9CB-4E8B-A785-9D86C1925986}.Release|Any CPU.Build.0 = Release|Any CPU
		{AEDC72E7-7866-487E-AF19-DEDE277F6A13}.Debug|Any CPU.ActiveCfg = Debug|Any CPU
		{AEDC72E7-7866-487E-AF19-DEDE277F6A13}.Debug|Any CPU.Build.0 = Debug|Any CPU
		{AEDC72E7-7866-487E-AF19-DEDE277F6A13}.Release|Any CPU.ActiveCfg = Release|Any CPU
		{AEDC72E7-7866-487E-AF19-DEDE277F6A13}.Release|Any CPU.Build.0 = Release|Any CPU
	EndGlobalSection
	GlobalSection(SolutionProperties) = preSolution
		HideSolutionNode = FALSE
	EndGlobalSection
	GlobalSection(ExtensibilityGlobals) = postSolution
		SolutionGuid = {E18ED9ED-9B8B-4190-B38A-5FF2A244D12D}
	EndGlobalSection
EndGlobal
